
Microsoft Visual Studio Solution File, Format Version 12.00
# Visual Studio Version 17
VisualStudioVersion = 17.2.32516.85
MinimumVisualStudioVersion = 10.0.40219.1
Project("{FAE04EC0-301F-11D3-BF4B-00C04F79EFBC}") = "JetDevTest", "JetDevTest\JetDevTest.csproj", "{423CB9A0-9E7B-477C-B935-03176BA016DF}"
EndProject
Project("{FAE04EC0-301F-11D3-BF4B-00C04F79EFBC}") = "Data", "Data\Data.csproj", "{6CF3724F-2E6E-4281-8183-D9D61350D6FE}"
EndProject
Global
	GlobalSection(SolutionConfigurationPlatforms) = preSolution
		Debug|Any CPU = Debug|Any CPU
		Release|Any CPU = Release|Any CPU
	EndGlobalSection
	GlobalSection(ProjectConfigurationPlatforms) = postSolution
		{423CB9A0-9E7B-477C-B935-03176BA016DF}.Debug|Any CPU.ActiveCfg = Debug|Any CPU
		{423CB9A0-9E7B-477C-B935-03176BA016DF}.Debug|Any CPU.Build.0 = Debug|Any CPU
		{423CB9A0-9E7B-477C-B935-03176BA016DF}.Release|Any CPU.ActiveCfg = Release|Any CPU
		{423CB9A0-9E7B-477C-B935-03176BA016DF}.Release|Any CPU.Build.0 = Release|Any CPU
		{6CF3724F-2E6E-4281-8183-D9D61350D6FE}.Debug|Any CPU.ActiveCfg = Debug|Any CPU
		{6CF3724F-2E6E-4281-8183-D9D61350D6FE}.Debug|Any CPU.Build.0 = Debug|Any CPU
		{6CF3724F-2E6E-4281-8183-D9D61350D6FE}.Release|Any CPU.ActiveCfg = Release|Any CPU
		{6CF3724F-2E6E-4281-8183-D9D61350D6FE}.Release|Any CPU.Build.0 = Release|Any CPU
	EndGlobalSection
	GlobalSection(SolutionProperties) = preSolution
		HideSolutionNode = FALSE
	EndGlobalSection
	GlobalSection(ExtensibilityGlobals) = postSolution
		SolutionGuid = {1294996D-BA1B-4506-85D7-2AE823C596DD}
	EndGlobalSection
EndGlobal
